
Microsoft Visual Studio Solution File, Format Version 12.00
# Visual Studio Version 17
VisualStudioVersion = 17.10.35004.147
MinimumVisualStudioVersion = 10.0.40219.1
Project("{FAE04EC0-301F-11D3-BF4B-00C04F79EFBC}") = "TransferOfFighters", "TransferOfFighters.csproj", "{33E92E0C-467F-4BBF-827B-4F1016A31FB7}"
EndProject
Global
	GlobalSection(SolutionConfigurationPlatforms) = preSolution
		Debug|Any CPU = Debug|Any CPU
		Release|Any CPU = Release|Any CPU
	EndGlobalSection
	GlobalSection(ProjectConfigurationPlatforms) = postSolution
		{33E92E0C-467F-4BBF-827B-4F1016A31FB7}.Debug|Any CPU.ActiveCfg = Debug|Any CPU
		{33E92E0C-467F-4BBF-827B-4F1016A31FB7}.Debug|Any CPU.Build.0 = Debug|Any CPU
		{33E92E0C-467F-4BBF-827B-4F1016A31FB7}.Release|Any CPU.ActiveCfg = Release|Any CPU
		{33E92E0C-467F-4BBF-827B-4F1016A31FB7}.Release|Any CPU.Build.0 = Release|Any CPU
	EndGlobalSection
	GlobalSection(SolutionProperties) = preSolution
		HideSolutionNode = FALSE
	EndGlobalSection
	GlobalSection(ExtensibilityGlobals) = postSolution
		SolutionGuid = {44FCD564-161A-4E01-A98B-76D20B126808}
	EndGlobalSection
EndGlobal
